
Microsoft Visual Studio Solution File, Format Version 12.00
# Visual Studio Version 17
VisualStudioVersion = 17.5.002.0
MinimumVisualStudioVersion = 10.0.40219.1
Project("{9A19103F-16F7-4668-BE54-9A1E7A4F7556}") = "DemoApiTests", "DemoApiTests.csproj", "{6D1D4794-D51A-47E6-8726-F71FCB9E4265}"
EndProject
Global
	GlobalSection(SolutionConfigurationPlatforms) = preSolution
		Debug|Any CPU = Debug|Any CPU
		Release|Any CPU = Release|Any CPU
	EndGlobalSection
	GlobalSection(ProjectConfigurationPlatforms) = postSolution
		{6D1D4794-D51A-47E6-8726-F71FCB9E4265}.Debug|Any CPU.ActiveCfg = Debug|Any CPU
		{6D1D4794-D51A-47E6-8726-F71FCB9E4265}.Debug|Any CPU.Build.0 = Debug|Any CPU
		{6D1D4794-D51A-47E6-8726-F71FCB9E4265}.Release|Any CPU.ActiveCfg = Release|Any CPU
		{6D1D4794-D51A-47E6-8726-F71FCB9E4265}.Release|Any CPU.Build.0 = Release|Any CPU
	EndGlobalSection
	GlobalSection(SolutionProperties) = preSolution
		HideSolutionNode = FALSE
	EndGlobalSection
	GlobalSection(ExtensibilityGlobals) = postSolution
		SolutionGuid = {5240ADAC-A310-4C38-A88E-DF047E36B2F7}
	EndGlobalSection
EndGlobal
